
Microsoft Visual Studio Solution File, Format Version 12.00
# Visual Studio Version 17
VisualStudioVersion = 17.10.35013.160
MinimumVisualStudioVersion = 10.0.40219.1
Project("{FAE04EC0-301F-11D3-BF4B-00C04F79EFBC}") = "InMemoryCache", "InMemoryCache\InMemoryCache.csproj", "{F99EA528-2367-45CA-8DDB-3E3828E705A0}"
EndProject
Global
	GlobalSection(SolutionConfigurationPlatforms) = preSolution
		Debug|Any CPU = Debug|Any CPU
		Release|Any CPU = Release|Any CPU
	EndGlobalSection
	GlobalSection(ProjectConfigurationPlatforms) = postSolution
		{F99EA528-2367-45CA-8DDB-3E3828E705A0}.Debug|Any CPU.ActiveCfg = Debug|Any CPU
		{F99EA528-2367-45CA-8DDB-3E3828E705A0}.Debug|Any CPU.Build.0 = Debug|Any CPU
		{F99EA528-2367-45CA-8DDB-3E3828E705A0}.Release|Any CPU.ActiveCfg = Release|Any CPU
		{F99EA528-2367-45CA-8DDB-3E3828E705A0}.Release|Any CPU.Build.0 = Release|Any CPU
	EndGlobalSection
	GlobalSection(SolutionProperties) = preSolution
		HideSolutionNode = FALSE
	EndGlobalSection
	GlobalSection(ExtensibilityGlobals) = postSolution
		SolutionGuid = {7900CEF8-27BC-4188-A9E9-00D341B5ACF5}
	EndGlobalSection
EndGlobal
